
  resolved "https://registry.yarnpkg.com/@babel/plugin-syntax-object-rest-spread/-/plugin-syntax-object-rest-spread-7.7.4.tgz#47cf220d19d6d0d7b154304701f468fc1cc6ff46"
  integrity sha512-mObR+r+KZq0XhRVS2BrBKBpr5jqrqzlPvS9C9vuOf5ilSwzloAl7RPWLrgKdWS6IreaVrjHxTjtyqFiOisaCwg==
  dependencies:
    "@babel/helper-plugin-utils" "^7.0.0"

"@babel/plugin-syntax-object-rest-spread@^7.8.0":

"@babel/plugin-syntax-object-rest-spread@^7.0.0", "@babel/plugin-syntax-object-rest-spread@^7.8.0":

  version "7.8.3"
  resolved "https://registry.yarnpkg.com/@babel/plugin-syntax-object-rest-spread/-/plugin-syntax-object-rest-spread-7.8.3.tgz#60e225edcbd98a640332a2e72dd3e66f1af55871"
  integrity sha512-XoqMijGZb9y3y2XskN+P1wUGiVwWZ5JmoDRwx5+3GmEplNyVM2s2Dg8ILFQm8rWM48orGy5YpI5Bl8U1y7ydlA==
  dependencies:
    "@babel/helper-plugin-utils" "^7.8.0"


  version "7.8.3"
  resolved "https://registry.yarnpkg.com/@babel/plugin-transform-react-constant-elements/-/plugin-transform-react-constant-elements-7.8.3.tgz#784c25294bddaad2323eb4ff0c9f4a3f6c87d6bc"
  integrity sha512-glrzN2U+egwRfkNFtL34xIBYTxbbUF2qJTP8HD3qETBBqzAWSeNB821X0GjU06+dNpq/UyCIjI72FmGE5NNkQQ==
  dependencies:
    "@babel/helper-annotate-as-pure" "^7.8.3"
    "@babel/helper-plugin-utils" "^7.8.3"


"@babel/plugin-transform-react-display-name@7.8.3", "@babel/plugin-transform-react-display-name@^7.8.3":
  version "7.8.3"
  resolved "https://registry.yarnpkg.com/@babel/plugin-transform-react-display-name/-/plugin-transform-react-display-name-7.8.3.tgz#70ded987c91609f78353dd76d2fb2a0bb991e8e5"
  integrity sha512-3Jy/PCw8Fe6uBKtEgz3M82ljt+lTg+xJaM4og+eyu83qLT87ZUSckn0wy7r31jflURWLO83TW6Ylf7lyXj3m5A==
  dependencies:
    "@babel/helper-plugin-utils" "^7.8.3"


"@babel/plugin-transform-react-jsx-self@^7.8.3":
  version "7.8.3"
  resolved "https://registry.yarnpkg.com/@babel/plugin-transform-react-jsx-self/-/plugin-transform-react-jsx-self-7.8.3.tgz#c4f178b2aa588ecfa8d077ea80d4194ee77ed702"
  integrity sha512-01OT7s5oa0XTLf2I8XGsL8+KqV9lx3EZV+jxn/L2LQ97CGKila2YMroTkCEIE0HV/FF7CMSRsIAybopdN9NTdg==
  dependencies:
    "@babel/helper-plugin-utils" "^7.8.3"
    "@babel/plugin-syntax-jsx" "^7.8.3"


"@babel/plugin-transform-react-jsx-source@^7.8.3":
  version "7.8.3"
  resolved "https://registry.yarnpkg.com/@babel/plugin-transform-react-jsx-source/-/plugin-transform-react-jsx-source-7.8.3.tgz#951e75a8af47f9f120db731be095d2b2c34920e0"
  integrity sha512-PLMgdMGuVDtRS/SzjNEQYUT8f4z1xb2BAT54vM1X5efkVuYBf5WyGUMbpmARcfq3NaglIwz08UVQK4HHHbC6ag==
  dependencies:
    "@babel/helper-plugin-utils" "^7.8.3"
    "@babel/plugin-syntax-jsx" "^7.8.3"

